<?xml version="1.0" encoding="utf-8"?>
<Project ToolsVersion="4.0" xmlns="http://schemas.microsoft.com/developer/msbuild/2003">
  <ItemGroup>
    <ClCompile Include="src\fields\AnalyticField.cpp">
      <Filter>Source Files</Filter>
    </ClCompile>
    <ClCompile Include="src\fields\Field.cpp">
      <Filter>Source Files</Filter>
    </ClCompile>
    <ClCompile Include="src\stressprotocols\fixed_rate_protocol.cpp">
      <Filter>Source Files</Filter>
    </ClCompile>
    <ClCompile Include="src\main.cpp">
      <Filter>Source Files</Filter>
    </ClCompile>
    <ClCompile Include="src\precision_handler.cpp">
      <Filter>Source Files</Filter>
    </ClCompile>
    <ClCompile Include="src\project_parser.cpp">
      <Filter>Source Files</Filter>
    </ClCompile>
    <ClCompile Include="src\simulation.cpp">
      <Filter>Source Files</Filter>
    </ClCompile>
    <ClCompile Include="src\simulation_data.cpp">
      <Filter>Source Files</Filter>
    </ClCompile>
    <ClCompile Include="src\stressprotocols\stress_protocol.cpp">
      <Filter>Source Files</Filter>
    </ClCompile>
    <ClCompile Include="src\fields\PeriodicShearStressELTE.cpp">
      <Filter>Resource Files</Filter>
    </ClCompile>
  </ItemGroup>
  <ItemGroup>
    <ClInclude Include="include\fields\AnalyticField.h">
      <Filter>Header Files</Filter>
    </ClInclude>
    <ClInclude Include="include\constants.h">
      <Filter>Header Files</Filter>
    </ClInclude>
    <ClInclude Include="include\dislocation.h">
      <Filter>Header Files</Filter>
    </ClInclude>
    <ClInclude Include="include\fields\Field.h">
      <Filter>Header Files</Filter>
    </ClInclude>
    <ClInclude Include="include\stressprotocols\fixed_rate_protocol.h">
      <Filter>Header Files</Filter>
    </ClInclude>
    <ClInclude Include="include\fields\PeriodicShearStressELTE.h">
      <Filter>Header Files</Filter>
    </ClInclude>
    <ClInclude Include="include\point_defect.h">
      <Filter>Header Files</Filter>
    </ClInclude>
    <ClInclude Include="include\precision_handler.h">
      <Filter>Header Files</Filter>
    </ClInclude>
    <ClInclude Include="include\project_parser.h">
      <Filter>Header Files</Filter>
    </ClInclude>
    <ClInclude Include="include\simulation.h">
      <Filter>Header Files</Filter>
    </ClInclude>
    <ClInclude Include="include\simulation_data.h">
      <Filter>Header Files</Filter>
    </ClInclude>
    <ClInclude Include="include\stressprotocols\stress_protocol.h">
      <Filter>Header Files</Filter>
    </ClInclude>
    <ClInclude Include="include\utility.h">
      <Filter>Header Files</Filter>
    </ClInclude>
  </ItemGroup>
  <ItemGroup>
    <None Include="README.md" />
  </ItemGroup>
  <ItemGroup>
    <Filter Include="Header Files">
      <UniqueIdentifier>{6013aefb-16fa-4271-98ac-dde3f86dde21}</UniqueIdentifier>
    </Filter>
    <Filter Include="Resource Files">
      <UniqueIdentifier>{64edc90b-102e-42e6-a58f-608780a2886c}</UniqueIdentifier>
    </Filter>
    <Filter Include="Source Files">
      <UniqueIdentifier>{6834fa22-3c32-484d-8c46-ddd1aaf96a40}</UniqueIdentifier>
    </Filter>
  </ItemGroup>
</Project>